
Microsoft Visual Studio Solution File, Format Version 12.00
# Visual Studio 2012
Project("{FAE04EC0-301F-11D3-BF4B-00C04F79EFBC}") = "MicrosoftNews", "MicrosoftNews\MicrosoftNews.csproj", "{58FF2C11-DD5E-46CD-BD43-41370B3D4166}"
EndProject
Project("{FAE04EC0-301F-11D3-BF4B-00C04F79EFBC}") = "MicrosoftNews.iOS", "iOS\MicrosoftNews.iOS.csproj", "{19F46D6A-185C-491B-8838-F14E09C064F9}"
EndProject
Project("{FAE04EC0-301F-11D3-BF4B-00C04F79EFBC}") = "MicrosoftNews.Droid", "Droid\MicrosoftNews.Droid.csproj", "{A93DFABF-80C3-4AE0-9C70-3C25D4221D6F}"
EndProject
Global
	GlobalSection(SolutionConfigurationPlatforms) = preSolution
		Debug|Any CPU = Debug|Any CPU
		Release|Any CPU = Release|Any CPU
		Debug|iPhoneSimulator = Debug|iPhoneSimulator
		Release|iPhone = Release|iPhone
		Release|iPhoneSimulator = Release|iPhoneSimulator
		Debug|iPhone = Debug|iPhone
	EndGlobalSection
	GlobalSection(ProjectConfigurationPlatforms) = postSolution
		{58FF2C11-DD5E-46CD-BD43-41370B3D4166}.Debug|Any CPU.ActiveCfg = Debug|Any CPU
		{58FF2C11-DD5E-46CD-BD43-41370B3D4166}.Debug|Any CPU.Build.0 = Debug|Any CPU
		{58FF2C11-DD5E-46CD-BD43-41370B3D4166}.Release|Any CPU.ActiveCfg = Release|Any CPU
		{58FF2C11-DD5E-46CD-BD43-41370B3D4166}.Release|Any CPU.Build.0 = Release|Any CPU
		{58FF2C11-DD5E-46CD-BD43-41370B3D4166}.Debug|iPhoneSimulator.ActiveCfg = Debug|Any CPU
		{58FF2C11-DD5E-46CD-BD43-41370B3D4166}.Debug|iPhoneSimulator.Build.0 = Debug|Any CPU
		{58FF2C11-DD5E-46CD-BD43-41370B3D4166}.Release|iPhone.ActiveCfg = Release|Any CPU
		{58FF2C11-DD5E-46CD-BD43-41370B3D4166}.Release|iPhone.Build.0 = Release|Any CPU
		{58FF2C11-DD5E-46CD-BD43-41370B3D4166}.Release|iPhoneSimulator.ActiveCfg = Release|Any CPU
		{58FF2C11-DD5E-46CD-BD43-41370B3D4166}.Release|iPhoneSimulator.Build.0 = Release|Any CPU
		{58FF2C11-DD5E-46CD-BD43-41370B3D4166}.Debug|iPhone.ActiveCfg = Debug|Any CPU
		{58FF2C11-DD5E-46CD-BD43-41370B3D4166}.Debug|iPhone.Build.0 = Debug|Any CPU
		{19F46D6A-185C-491B-8838-F14E09C064F9}.Debug|Any CPU.ActiveCfg = Debug|iPhoneSimulator
		{19F46D6A-185C-491B-8838-F14E09C064F9}.Debug|Any CPU.Build.0 = Debug|iPhoneSimulator
		{19F46D6A-185C-491B-8838-F14E09C064F9}.Release|Any CPU.ActiveCfg = Release|iPhone
		{19F46D6A-185C-491B-8838-F14E09C064F9}.Release|Any CPU.Build.0 = Release|iPhone
		{19F46D6A-185C-491B-8838-F14E09C064F9}.Debug|iPhoneSimulator.ActiveCfg = Debug|iPhoneSimulator
		{19F46D6A-185C-491B-8838-F14E09C064F9}.Debug|iPhoneSimulator.Build.0 = Debug|iPhoneSimulator
		{19F46D6A-185C-491B-8838-F14E09C064F9}.Release|iPhone.ActiveCfg = Release|iPhone
		{19F46D6A-185C-491B-8838-F14E09C064F9}.Release|iPhone.Build.0 = Release|iPhone
		{19F46D6A-185C-491B-8838-F14E09C064F9}.Release|iPhoneSimulator.ActiveCfg = Release|iPhoneSimulator
		{19F46D6A-185C-491B-8838-F14E09C064F9}.Release|iPhoneSimulator.Build.0 = Release|iPhoneSimulator
		{19F46D6A-185C-491B-8838-F14E09C064F9}.Debug|iPhone.ActiveCfg = Debug|iPhone
		{19F46D6A-185C-491B-8838-F14E09C064F9}.Debug|iPhone.Build.0 = Debug|iPhone
		{A93DFABF-80C3-4AE0-9C70-3C25D4221D6F}.Debug|Any CPU.ActiveCfg = Debug|Any CPU
		{A93DFABF-80C3-4AE0-9C70-3C25D4221D6F}.Debug|Any CPU.Build.0 = Debug|Any CPU
		{A93DFABF-80C3-4AE0-9C70-3C25D4221D6F}.Release|Any CPU.ActiveCfg = Release|Any CPU
		{A93DFABF-80C3-4AE0-9C70-3C25D4221D6F}.Release|Any CPU.Build.0 = Release|Any CPU
		{A93DFABF-80C3-4AE0-9C70-3C25D4221D6F}.Debug|iPhoneSimulator.ActiveCfg = Debug|Any CPU
		{A93DFABF-80C3-4AE0-9C70-3C25D4221D6F}.Debug|iPhoneSimulator.Build.0 = Debug|Any CPU
		{A93DFABF-80C3-4AE0-9C70-3C25D4221D6F}.Release|iPhone.ActiveCfg = Release|Any CPU
		{A93DFABF-80C3-4AE0-9C70-3C25D4221D6F}.Release|iPhone.Build.0 = Release|Any CPU
		{A93DFABF-80C3-4AE0-9C70-3C25D4221D6F}.Release|iPhoneSimulator.ActiveCfg = Release|Any CPU
		{A93DFABF-80C3-4AE0-9C70-3C25D4221D6F}.Release|iPhoneSimulator.Build.0 = Release|Any CPU
		{A93DFABF-80C3-4AE0-9C70-3C25D4221D6F}.Debug|iPhone.ActiveCfg = Debug|Any CPU
		{A93DFABF-80C3-4AE0-9C70-3C25D4221D6F}.Debug|iPhone.Build.0 = Debug|Any CPU
	EndGlobalSection
EndGlobal
